
Microsoft Visual Studio Solution File, Format Version 12.00
# Visual Studio Version 16
VisualStudioVersion = 16.0.30517.126
MinimumVisualStudioVersion = 10.0.40219.1
Project("{FAE04EC0-301F-11D3-BF4B-00C04F79EFBC}") = "DirectoriesAndFiles", "DirectoriesAndFiles\DirectoriesAndFiles.csproj", "{2580E17C-5E47-477E-A5AC-C9A39A47ED36}"
EndProject
Project("{FAE04EC0-301F-11D3-BF4B-00C04F79EFBC}") = "WriteFilesAndDirectories", "WriteFilesAndDirectories\WriteFilesAndDirectories.csproj", "{EB88BC5A-90A4-4AED-A861-37796F4EF2F6}"
EndProject
Global
	GlobalSection(SolutionConfigurationPlatforms) = preSolution
		Debug|Any CPU = Debug|Any CPU
		Release|Any CPU = Release|Any CPU
	EndGlobalSection
	GlobalSection(ProjectConfigurationPlatforms) = postSolution
		{2580E17C-5E47-477E-A5AC-C9A39A47ED36}.Debug|Any CPU.ActiveCfg = Debug|Any CPU
		{2580E17C-5E47-477E-A5AC-C9A39A47ED36}.Debug|Any CPU.Build.0 = Debug|Any CPU
		{2580E17C-5E47-477E-A5AC-C9A39A47ED36}.Release|Any CPU.ActiveCfg = Release|Any CPU
		{2580E17C-5E47-477E-A5AC-C9A39A47ED36}.Release|Any CPU.Build.0 = Release|Any CPU
		{EB88BC5A-90A4-4AED-A861-37796F4EF2F6}.Debug|Any CPU.ActiveCfg = Debug|Any CPU
		{EB88BC5A-90A4-4AED-A861-37796F4EF2F6}.Debug|Any CPU.Build.0 = Debug|Any CPU
		{EB88BC5A-90A4-4AED-A861-37796F4EF2F6}.Release|Any CPU.ActiveCfg = Release|Any CPU
		{EB88BC5A-90A4-4AED-A861-37796F4EF2F6}.Release|Any CPU.Build.0 = Release|Any CPU
	EndGlobalSection
	GlobalSection(SolutionProperties) = preSolution
		HideSolutionNode = FALSE
	EndGlobalSection
	GlobalSection(ExtensibilityGlobals) = postSolution
		SolutionGuid = {4B3D8865-9686-462F-BB22-53BA7B46B5BF}
	EndGlobalSection
EndGlobal
